
Microsoft Visual Studio Solution File, Format Version 12.00
# Visual Studio Version 16
VisualStudioVersion = 16.0.32929.386
MinimumVisualStudioVersion = 10.0.40219.1
Project("{888888A0-9F3D-457C-B088-3A5042F75D52}") = "ProjectPhase4", "ProjectPhase4.pyproj", "{195F4A07-6E16-4DF0-B2F6-92A6D7FE6DA9}"
EndProject
Global
	GlobalSection(SolutionConfigurationPlatforms) = preSolution
		Debug|Any CPU = Debug|Any CPU
		Release|Any CPU = Release|Any CPU
	EndGlobalSection
	GlobalSection(ProjectConfigurationPlatforms) = postSolution
		{195F4A07-6E16-4DF0-B2F6-92A6D7FE6DA9}.Debug|Any CPU.ActiveCfg = Debug|Any CPU
		{195F4A07-6E16-4DF0-B2F6-92A6D7FE6DA9}.Release|Any CPU.ActiveCfg = Release|Any CPU
	EndGlobalSection
	GlobalSection(SolutionProperties) = preSolution
		HideSolutionNode = FALSE
	EndGlobalSection
	GlobalSection(ExtensibilityGlobals) = postSolution
		SolutionGuid = {E9CFE6FA-5E7B-473A-B075-9FD9D90455BF}
	EndGlobalSection
EndGlobal
